
Microsoft Visual Studio Solution File, Format Version 12.00
# Visual Studio Version 17
VisualStudioVersion = 17.8.34330.188
MinimumVisualStudioVersion = 10.0.40219.1
Project("{FAE04EC0-301F-11D3-BF4B-00C04F79EFBC}") = "YCHW", "YCHW\YCHW.csproj", "{51FC65E6-5107-42DA-9EBD-73C278E5CCA1}"
EndProject
Global
	GlobalSection(SolutionConfigurationPlatforms) = preSolution
		Debug|Any CPU = Debug|Any CPU
		Release|Any CPU = Release|Any CPU
	EndGlobalSection
	GlobalSection(ProjectConfigurationPlatforms) = postSolution
		{51FC65E6-5107-42DA-9EBD-73C278E5CCA1}.Debug|Any CPU.ActiveCfg = Debug|Any CPU
		{51FC65E6-5107-42DA-9EBD-73C278E5CCA1}.Debug|Any CPU.Build.0 = Debug|Any CPU
		{51FC65E6-5107-42DA-9EBD-73C278E5CCA1}.Release|Any CPU.ActiveCfg = Release|Any CPU
		{51FC65E6-5107-42DA-9EBD-73C278E5CCA1}.Release|Any CPU.Build.0 = Release|Any CPU
	EndGlobalSection
	GlobalSection(SolutionProperties) = preSolution
		HideSolutionNode = FALSE
	EndGlobalSection
	GlobalSection(ExtensibilityGlobals) = postSolution
		SolutionGuid = {234DFED6-257B-4490-928A-229EC3B4F774}
	EndGlobalSection
EndGlobal
